
Microsoft Visual Studio Solution File, Format Version 12.00
# Visual Studio Version 17
VisualStudioVersion = 17.1.32210.238
MinimumVisualStudioVersion = 10.0.40219.1
Project("{9A19103F-16F7-4668-BE54-9A1E7A4F7556}") = "ukulele_tab", "ukulele_tab.csproj", "{86547829-F25A-47DE-9A3F-25B6BEC2FAC0}"
EndProject
Project("{2150E333-8FDC-42A3-9474-1A3956D46DE8}") = "Solution Items", "Solution Items", "{CCC1B963-D344-476E-BA26-3D6FC20E6CCB}"
	ProjectSection(SolutionItems) = preProject
		.editorconfig = .editorconfig
	EndProjectSection
EndProject
Global
	GlobalSection(SolutionConfigurationPlatforms) = preSolution
		Debug|Any CPU = Debug|Any CPU
		Release|Any CPU = Release|Any CPU
	EndGlobalSection
	GlobalSection(ProjectConfigurationPlatforms) = postSolution
		{86547829-F25A-47DE-9A3F-25B6BEC2FAC0}.Debug|Any CPU.ActiveCfg = Debug|Any CPU
		{86547829-F25A-47DE-9A3F-25B6BEC2FAC0}.Debug|Any CPU.Build.0 = Debug|Any CPU
		{86547829-F25A-47DE-9A3F-25B6BEC2FAC0}.Release|Any CPU.ActiveCfg = Release|Any CPU
		{86547829-F25A-47DE-9A3F-25B6BEC2FAC0}.Release|Any CPU.Build.0 = Release|Any CPU
	EndGlobalSection
	GlobalSection(SolutionProperties) = preSolution
		HideSolutionNode = FALSE
	EndGlobalSection
	GlobalSection(ExtensibilityGlobals) = postSolution
		SolutionGuid = {868A7A7C-03C8-4C93-86AE-B4EA08AE33BA}
	EndGlobalSection
EndGlobal
